
Microsoft Visual Studio Solution File, Format Version 12.00
Project("{FAE04EC0-301F-11D3-BF4B-00C04F79EFBC}") = "GamesWebApp", "GamesWebApp.csproj", "{479731E0-1EA3-42C9-93B0-C68AD3E46D0B}"
EndProject
Global
	GlobalSection(SolutionConfigurationPlatforms) = preSolution
		Debug|Any CPU = Debug|Any CPU
		Release|Any CPU = Release|Any CPU
	EndGlobalSection
	GlobalSection(ProjectConfigurationPlatforms) = postSolution
		{479731E0-1EA3-42C9-93B0-C68AD3E46D0B}.Debug|Any CPU.ActiveCfg = Debug|Any CPU
		{479731E0-1EA3-42C9-93B0-C68AD3E46D0B}.Debug|Any CPU.Build.0 = Debug|Any CPU
		{479731E0-1EA3-42C9-93B0-C68AD3E46D0B}.Release|Any CPU.ActiveCfg = Release|Any CPU
		{479731E0-1EA3-42C9-93B0-C68AD3E46D0B}.Release|Any CPU.Build.0 = Release|Any CPU
	EndGlobalSection
EndGlobal
